
Microsoft Visual Studio Solution File, Format Version 12.00
# Visual Studio 15
VisualStudioVersion = 15.0.28307.779
MinimumVisualStudioVersion = 10.0.40219.1
Project("{FAE04EC0-301F-11D3-BF4B-00C04F79EFBC}") = "FolderWatcherExample", "FolderWatcher\FolderWatcherExample.csproj", "{ABA9F103-8B6A-4F53-A63E-79DCBBA5EA5E}"
EndProject
Project("{FAE04EC0-301F-11D3-BF4B-00C04F79EFBC}") = "FolderWatcher", "TrayTest\FolderWatcher.csproj", "{A7BD4429-787A-4DFB-BE2B-251DC52CC0A4}"
EndProject
Global
	GlobalSection(SolutionConfigurationPlatforms) = preSolution
		Debug|Any CPU = Debug|Any CPU
		Release|Any CPU = Release|Any CPU
	EndGlobalSection
	GlobalSection(ProjectConfigurationPlatforms) = postSolution
		{ABA9F103-8B6A-4F53-A63E-79DCBBA5EA5E}.Debug|Any CPU.ActiveCfg = Debug|Any CPU
		{ABA9F103-8B6A-4F53-A63E-79DCBBA5EA5E}.Debug|Any CPU.Build.0 = Debug|Any CPU
		{ABA9F103-8B6A-4F53-A63E-79DCBBA5EA5E}.Release|Any CPU.ActiveCfg = Release|Any CPU
		{ABA9F103-8B6A-4F53-A63E-79DCBBA5EA5E}.Release|Any CPU.Build.0 = Release|Any CPU
		{A7BD4429-787A-4DFB-BE2B-251DC52CC0A4}.Debug|Any CPU.ActiveCfg = Debug|Any CPU
		{A7BD4429-787A-4DFB-BE2B-251DC52CC0A4}.Debug|Any CPU.Build.0 = Debug|Any CPU
		{A7BD4429-787A-4DFB-BE2B-251DC52CC0A4}.Release|Any CPU.ActiveCfg = Release|Any CPU
		{A7BD4429-787A-4DFB-BE2B-251DC52CC0A4}.Release|Any CPU.Build.0 = Release|Any CPU
	EndGlobalSection
	GlobalSection(SolutionProperties) = preSolution
		HideSolutionNode = FALSE
	EndGlobalSection
	GlobalSection(ExtensibilityGlobals) = postSolution
		SolutionGuid = {B759C882-75B8-4B5A-9B49-B5AA825BA5B2}
	EndGlobalSection
EndGlobal
